
Microsoft Visual Studio Solution File, Format Version 9.00
# Visual Studio 2005
Project("{8BC9CEB8-8B4A-11D0-8D11-00A0C91BC942}") = "wav", "wav\wav.vcproj", "{60A73AE8-AF45-4BE2-89E8-A62E6825BF14}"
EndProject
Project("{8BC9CEB8-8B4A-11D0-8D11-00A0C91BC942}") = "wav_test", "wav_test\wav_test.vcproj", "{B974602E-5B14-4D3E-9530-7B9038137CB3}"
	ProjectSection(ProjectDependencies) = postProject
		{60A73AE8-AF45-4BE2-89E8-A62E6825BF14} = {60A73AE8-AF45-4BE2-89E8-A62E6825BF14}
	EndProjectSection
EndProject
Project("{8BC9CEB8-8B4A-11D0-8D11-00A0C91BC942}") = "sound_effects", "sound_effects\sound_effects.vcproj", "{E9E93F62-6C68-41C7-8AB0-ECB81611825B}"
EndProject
Project("{8BC9CEB8-8B4A-11D0-8D11-00A0C91BC942}") = "sound_effects_test", "sound_effects_test\sound_effects_test.vcproj", "{D4EDBEA8-10DD-4DF9-BAD5-DB6CFB9F8564}"
	ProjectSection(ProjectDependencies) = postProject
		{E9E93F62-6C68-41C7-8AB0-ECB81611825B} = {E9E93F62-6C68-41C7-8AB0-ECB81611825B}
	EndProjectSection
EndProject
Project("{8BC9CEB8-8B4A-11D0-8D11-00A0C91BC942}") = "viewer", "viewer\viewer.vcproj", "{032BC677-7DBD-4A88-881D-BFED5271C747}"
EndProject
Project("{8BC9CEB8-8B4A-11D0-8D11-00A0C91BC942}") = "viewer_test", "viewer_test\viewer_test.vcproj", "{CB139718-A93A-46E9-B9F9-02FD034CA95D}"
	ProjectSection(ProjectDependencies) = postProject
		{032BC677-7DBD-4A88-881D-BFED5271C747} = {032BC677-7DBD-4A88-881D-BFED5271C747}
	EndProjectSection
EndProject
Project("{8BC9CEB8-8B4A-11D0-8D11-00A0C91BC942}") = "sound_processor", "sound_processor\sound_processor.vcproj", "{FCAF9B02-2719-4422-8E4E-176C0FB4B485}"
	ProjectSection(ProjectDependencies) = postProject
		{60A73AE8-AF45-4BE2-89E8-A62E6825BF14} = {60A73AE8-AF45-4BE2-89E8-A62E6825BF14}
	EndProjectSection
EndProject
Project("{8BC9CEB8-8B4A-11D0-8D11-00A0C91BC942}") = "test1", "test1\test1.vcproj", "{423F6B97-3EB9-4E86-949F-A8D4FD45A75C}"
EndProject
Global
	GlobalSection(SolutionConfigurationPlatforms) = preSolution
		Debug|Win32 = Debug|Win32
		Release|Win32 = Release|Win32
	EndGlobalSection
	GlobalSection(ProjectConfigurationPlatforms) = postSolution
		{60A73AE8-AF45-4BE2-89E8-A62E6825BF14}.Debug|Win32.ActiveCfg = Debug|Win32
		{60A73AE8-AF45-4BE2-89E8-A62E6825BF14}.Debug|Win32.Build.0 = Debug|Win32
		{60A73AE8-AF45-4BE2-89E8-A62E6825BF14}.Release|Win32.ActiveCfg = Release|Win32
		{60A73AE8-AF45-4BE2-89E8-A62E6825BF14}.Release|Win32.Build.0 = Release|Win32
		{B974602E-5B14-4D3E-9530-7B9038137CB3}.Debug|Win32.ActiveCfg = Debug|Win32
		{B974602E-5B14-4D3E-9530-7B9038137CB3}.Debug|Win32.Build.0 = Debug|Win32
		{B974602E-5B14-4D3E-9530-7B9038137CB3}.Release|Win32.ActiveCfg = Release|Win32
		{B974602E-5B14-4D3E-9530-7B9038137CB3}.Release|Win32.Build.0 = Release|Win32
		{E9E93F62-6C68-41C7-8AB0-ECB81611825B}.Debug|Win32.ActiveCfg = Debug|Win32
		{E9E93F62-6C68-41C7-8AB0-ECB81611825B}.Debug|Win32.Build.0 = Debug|Win32
		{E9E93F62-6C68-41C7-8AB0-ECB81611825B}.Release|Win32.ActiveCfg = Release|Win32
		{E9E93F62-6C68-41C7-8AB0-ECB81611825B}.Release|Win32.Build.0 = Release|Win32
		{D4EDBEA8-10DD-4DF9-BAD5-DB6CFB9F8564}.Debug|Win32.ActiveCfg = Debug|Win32
		{D4EDBEA8-10DD-4DF9-BAD5-DB6CFB9F8564}.Debug|Win32.Build.0 = Debug|Win32
		{D4EDBEA8-10DD-4DF9-BAD5-DB6CFB9F8564}.Release|Win32.ActiveCfg = Release|Win32
		{D4EDBEA8-10DD-4DF9-BAD5-DB6CFB9F8564}.Release|Win32.Build.0 = Release|Win32
		{032BC677-7DBD-4A88-881D-BFED5271C747}.Debug|Win32.ActiveCfg = Debug|Win32
		{032BC677-7DBD-4A88-881D-BFED5271C747}.Debug|Win32.Build.0 = Debug|Win32
		{032BC677-7DBD-4A88-881D-BFED5271C747}.Release|Win32.ActiveCfg = Release|Win32
		{032BC677-7DBD-4A88-881D-BFED5271C747}.Release|Win32.Build.0 = Release|Win32
		{CB139718-A93A-46E9-B9F9-02FD034CA95D}.Debug|Win32.ActiveCfg = Debug|Win32
		{CB139718-A93A-46E9-B9F9-02FD034CA95D}.Debug|Win32.Build.0 = Debug|Win32
		{CB139718-A93A-46E9-B9F9-02FD034CA95D}.Release|Win32.ActiveCfg = Release|Win32
		{CB139718-A93A-46E9-B9F9-02FD034CA95D}.Release|Win32.Build.0 = Release|Win32
		{FCAF9B02-2719-4422-8E4E-176C0FB4B485}.Debug|Win32.ActiveCfg = Debug|Win32
		{FCAF9B02-2719-4422-8E4E-176C0FB4B485}.Debug|Win32.Build.0 = Debug|Win32
		{FCAF9B02-2719-4422-8E4E-176C0FB4B485}.Release|Win32.ActiveCfg = Release|Win32
		{FCAF9B02-2719-4422-8E4E-176C0FB4B485}.Release|Win32.Build.0 = Release|Win32
		{423F6B97-3EB9-4E86-949F-A8D4FD45A75C}.Debug|Win32.ActiveCfg = Debug|Win32
		{423F6B97-3EB9-4E86-949F-A8D4FD45A75C}.Debug|Win32.Build.0 = Debug|Win32
		{423F6B97-3EB9-4E86-949F-A8D4FD45A75C}.Release|Win32.ActiveCfg = Release|Win32
		{423F6B97-3EB9-4E86-949F-A8D4FD45A75C}.Release|Win32.Build.0 = Release|Win32
	EndGlobalSection
	GlobalSection(SolutionProperties) = preSolution
		HideSolutionNode = FALSE
	EndGlobalSection
EndGlobal
